# THIS IS AN AUTOGENERATED FILE. DO NOT EDIT THIS FILE DIRECTLY.
# yarn lockfile v1


consola@2.11.0:
  version "2.11.0"
  resolved "https://registry.yarnpkg.com/consola/-/consola-2.11.0.tgz#9bb35d850d8cecde894ce2eb4d792fa6b90d9013"
  integrity sha512-2bcAqHastlPSCvZ+ur8bgHInGAWvUnysWz3h3xRX+/XZoCY7avolJJnVXOPGoVoyCcg1b231XixonoArmgxaoA==
